
Microsoft Visual Studio Solution File, Format Version 12.00
# Visual Studio Version 17
VisualStudioVersion = 17.14.36202.13 d17.14
MinimumVisualStudioVersion = 10.0.40219.1
Project("{FAE04EC0-301F-11D3-BF4B-00C04F79EFBC}") = "Installer Projects Tutorial", "Installer Projects Tutorial\Installer Projects Tutorial.csproj", "{F53A3D41-8127-40B6-9A68-CF37F08C2A5B}"
EndProject
Global
	GlobalSection(SolutionConfigurationPlatforms) = preSolution
		Debug|Any CPU = Debug|Any CPU
		Release|Any CPU = Release|Any CPU
	EndGlobalSection
	GlobalSection(ProjectConfigurationPlatforms) = postSolution
		{F53A3D41-8127-40B6-9A68-CF37F08C2A5B}.Debug|Any CPU.ActiveCfg = Debug|Any CPU
		{F53A3D41-8127-40B6-9A68-CF37F08C2A5B}.Debug|Any CPU.Build.0 = Debug|Any CPU
		{F53A3D41-8127-40B6-9A68-CF37F08C2A5B}.Release|Any CPU.ActiveCfg = Release|Any CPU
		{F53A3D41-8127-40B6-9A68-CF37F08C2A5B}.Release|Any CPU.Build.0 = Release|Any CPU
	EndGlobalSection
	GlobalSection(SolutionProperties) = preSolution
		HideSolutionNode = FALSE
	EndGlobalSection
	GlobalSection(ExtensibilityGlobals) = postSolution
		SolutionGuid = {136D3EB4-B1C7-4487-BAC1-86C635927C7B}
	EndGlobalSection
EndGlobal
